
Microsoft Visual Studio Solution File, Format Version 11.00
# Visual Studio 2010
Project("{FAE04EC0-301F-11D3-BF4B-00C04F79EFBC}") = "Logic", "Logic\Logic.csproj", "{D296DBCD-CB55-4481-8D24-65C1ACE799F5}"
EndProject
Project("{FAE04EC0-301F-11D3-BF4B-00C04F79EFBC}") = "Console", "Console\Console.csproj", "{7BA4BCA5-8E8A-42BB-AB2A-81A3EBBC6AB7}"
EndProject
Project("{FAE04EC0-301F-11D3-BF4B-00C04F79EFBC}") = "Tests", "Tests\Tests.csproj", "{966CA297-7CEB-4092-852D-7D3A237F696B}"
EndProject
Project("{2150E333-8FDC-42A3-9474-1A3956D46DE8}") = "Solution Items", "Solution Items", "{D6177313-5E43-4715-B3C6-D3328FE7E5BB}"
	ProjectSection(SolutionItems) = preProject
		Local.testsettings = Local.testsettings
		Mahjong.vsmdi = Mahjong.vsmdi
		TraceAndTestImpact.testsettings = TraceAndTestImpact.testsettings
	EndProjectSection
EndProject
Global
	GlobalSection(TestCaseManagementSettings) = postSolution
		CategoryFile = Mahjong.vsmdi
	EndGlobalSection
	GlobalSection(SolutionConfigurationPlatforms) = preSolution
		Debug|Any CPU = Debug|Any CPU
		Debug|Mixed Platforms = Debug|Mixed Platforms
		Debug|x86 = Debug|x86
		Release|Any CPU = Release|Any CPU
		Release|Mixed Platforms = Release|Mixed Platforms
		Release|x86 = Release|x86
	EndGlobalSection
	GlobalSection(ProjectConfigurationPlatforms) = postSolution
		{D296DBCD-CB55-4481-8D24-65C1ACE799F5}.Debug|Any CPU.ActiveCfg = Debug|Any CPU
		{D296DBCD-CB55-4481-8D24-65C1ACE799F5}.Debug|Any CPU.Build.0 = Debug|Any CPU
		{D296DBCD-CB55-4481-8D24-65C1ACE799F5}.Debug|Mixed Platforms.ActiveCfg = Debug|Any CPU
		{D296DBCD-CB55-4481-8D24-65C1ACE799F5}.Debug|Mixed Platforms.Build.0 = Debug|Any CPU
		{D296DBCD-CB55-4481-8D24-65C1ACE799F5}.Debug|x86.ActiveCfg = Debug|Any CPU
		{D296DBCD-CB55-4481-8D24-65C1ACE799F5}.Release|Any CPU.ActiveCfg = Release|Any CPU
		{D296DBCD-CB55-4481-8D24-65C1ACE799F5}.Release|Any CPU.Build.0 = Release|Any CPU
		{D296DBCD-CB55-4481-8D24-65C1ACE799F5}.Release|Mixed Platforms.ActiveCfg = Release|Any CPU
		{D296DBCD-CB55-4481-8D24-65C1ACE799F5}.Release|Mixed Platforms.Build.0 = Release|Any CPU
		{D296DBCD-CB55-4481-8D24-65C1ACE799F5}.Release|x86.ActiveCfg = Release|Any CPU
		{7BA4BCA5-8E8A-42BB-AB2A-81A3EBBC6AB7}.Debug|Any CPU.ActiveCfg = Debug|Any CPU
		{7BA4BCA5-8E8A-42BB-AB2A-81A3EBBC6AB7}.Debug|Any CPU.Build.0 = Debug|Any CPU
		{7BA4BCA5-8E8A-42BB-AB2A-81A3EBBC6AB7}.Debug|Mixed Platforms.ActiveCfg = Debug|Any CPU
		{7BA4BCA5-8E8A-42BB-AB2A-81A3EBBC6AB7}.Debug|Mixed Platforms.Build.0 = Debug|Any CPU
		{7BA4BCA5-8E8A-42BB-AB2A-81A3EBBC6AB7}.Debug|x86.ActiveCfg = Debug|Any CPU
		{7BA4BCA5-8E8A-42BB-AB2A-81A3EBBC6AB7}.Release|Any CPU.ActiveCfg = Release|Any CPU
		{7BA4BCA5-8E8A-42BB-AB2A-81A3EBBC6AB7}.Release|Any CPU.Build.0 = Release|Any CPU
		{7BA4BCA5-8E8A-42BB-AB2A-81A3EBBC6AB7}.Release|Mixed Platforms.ActiveCfg = Release|Any CPU
		{7BA4BCA5-8E8A-42BB-AB2A-81A3EBBC6AB7}.Release|Mixed Platforms.Build.0 = Release|Any CPU
		{7BA4BCA5-8E8A-42BB-AB2A-81A3EBBC6AB7}.Release|x86.ActiveCfg = Release|Any CPU
		{966CA297-7CEB-4092-852D-7D3A237F696B}.Debug|Any CPU.ActiveCfg = Debug|Any CPU
		{966CA297-7CEB-4092-852D-7D3A237F696B}.Debug|Any CPU.Build.0 = Debug|Any CPU
		{966CA297-7CEB-4092-852D-7D3A237F696B}.Debug|Mixed Platforms.ActiveCfg = Debug|Any CPU
		{966CA297-7CEB-4092-852D-7D3A237F696B}.Debug|Mixed Platforms.Build.0 = Debug|Any CPU
		{966CA297-7CEB-4092-852D-7D3A237F696B}.Debug|x86.ActiveCfg = Debug|Any CPU
		{966CA297-7CEB-4092-852D-7D3A237F696B}.Release|Any CPU.ActiveCfg = Release|Any CPU
		{966CA297-7CEB-4092-852D-7D3A237F696B}.Release|Any CPU.Build.0 = Release|Any CPU
		{966CA297-7CEB-4092-852D-7D3A237F696B}.Release|Mixed Platforms.ActiveCfg = Release|Any CPU
		{966CA297-7CEB-4092-852D-7D3A237F696B}.Release|Mixed Platforms.Build.0 = Release|Any CPU
		{966CA297-7CEB-4092-852D-7D3A237F696B}.Release|x86.ActiveCfg = Release|Any CPU
	EndGlobalSection
	GlobalSection(SolutionProperties) = preSolution
		HideSolutionNode = FALSE
	EndGlobalSection
EndGlobal
