
Microsoft Visual Studio Solution File, Format Version 11.00
# Visual Studio 2010
Project("{FAE04EC0-301F-11D3-BF4B-00C04F79EFBC}") = "WinXNA", "WinXNA\WinXNA\WinXNA.csproj", "{1C0343DD-85FE-46C3-9675-234E3DFE0561}"
EndProject
Project("{96E2B04D-8817-42C6-938A-82C39BA4D311}") = "WinXNAContent", "WinXNA\WinXNAContent\WinXNAContent.contentproj", "{E3C860AF-3553-4AF8-9C73-AAF965463C36}"
EndProject
Project("{FAE04EC0-301F-11D3-BF4B-00C04F79EFBC}") = "Logic", "Logic\Logic.csproj", "{D296DBCD-CB55-4481-8D24-65C1ACE799F5}"
EndProject
Global
	GlobalSection(SolutionConfigurationPlatforms) = preSolution
		Debug|Any CPU = Debug|Any CPU
		Debug|Mixed Platforms = Debug|Mixed Platforms
		Debug|x86 = Debug|x86
		Release|Any CPU = Release|Any CPU
		Release|Mixed Platforms = Release|Mixed Platforms
		Release|x86 = Release|x86
	EndGlobalSection
	GlobalSection(ProjectConfigurationPlatforms) = postSolution
		{1C0343DD-85FE-46C3-9675-234E3DFE0561}.Debug|Any CPU.ActiveCfg = Debug|x86
		{1C0343DD-85FE-46C3-9675-234E3DFE0561}.Debug|Mixed Platforms.ActiveCfg = Debug|x86
		{1C0343DD-85FE-46C3-9675-234E3DFE0561}.Debug|Mixed Platforms.Build.0 = Debug|x86
		{1C0343DD-85FE-46C3-9675-234E3DFE0561}.Debug|x86.ActiveCfg = Debug|x86
		{1C0343DD-85FE-46C3-9675-234E3DFE0561}.Debug|x86.Build.0 = Debug|x86
		{1C0343DD-85FE-46C3-9675-234E3DFE0561}.Release|Any CPU.ActiveCfg = Release|x86
		{1C0343DD-85FE-46C3-9675-234E3DFE0561}.Release|Mixed Platforms.ActiveCfg = Release|x86
		{1C0343DD-85FE-46C3-9675-234E3DFE0561}.Release|Mixed Platforms.Build.0 = Release|x86
		{1C0343DD-85FE-46C3-9675-234E3DFE0561}.Release|x86.ActiveCfg = Release|x86
		{1C0343DD-85FE-46C3-9675-234E3DFE0561}.Release|x86.Build.0 = Release|x86
		{E3C860AF-3553-4AF8-9C73-AAF965463C36}.Debug|Any CPU.ActiveCfg = Debug|x86
		{E3C860AF-3553-4AF8-9C73-AAF965463C36}.Debug|Mixed Platforms.ActiveCfg = Debug|x86
		{E3C860AF-3553-4AF8-9C73-AAF965463C36}.Debug|x86.ActiveCfg = Debug|x86
		{E3C860AF-3553-4AF8-9C73-AAF965463C36}.Release|Any CPU.ActiveCfg = Release|x86
		{E3C860AF-3553-4AF8-9C73-AAF965463C36}.Release|Mixed Platforms.ActiveCfg = Release|x86
		{E3C860AF-3553-4AF8-9C73-AAF965463C36}.Release|x86.ActiveCfg = Release|x86
		{D296DBCD-CB55-4481-8D24-65C1ACE799F5}.Debug|Any CPU.ActiveCfg = Debug|Any CPU
		{D296DBCD-CB55-4481-8D24-65C1ACE799F5}.Debug|Any CPU.Build.0 = Debug|Any CPU
		{D296DBCD-CB55-4481-8D24-65C1ACE799F5}.Debug|Mixed Platforms.ActiveCfg = Debug|Any CPU
		{D296DBCD-CB55-4481-8D24-65C1ACE799F5}.Debug|Mixed Platforms.Build.0 = Debug|Any CPU
		{D296DBCD-CB55-4481-8D24-65C1ACE799F5}.Debug|x86.ActiveCfg = Debug|Any CPU
		{D296DBCD-CB55-4481-8D24-65C1ACE799F5}.Release|Any CPU.ActiveCfg = Release|Any CPU
		{D296DBCD-CB55-4481-8D24-65C1ACE799F5}.Release|Any CPU.Build.0 = Release|Any CPU
		{D296DBCD-CB55-4481-8D24-65C1ACE799F5}.Release|Mixed Platforms.ActiveCfg = Release|Any CPU
		{D296DBCD-CB55-4481-8D24-65C1ACE799F5}.Release|Mixed Platforms.Build.0 = Release|Any CPU
		{D296DBCD-CB55-4481-8D24-65C1ACE799F5}.Release|x86.ActiveCfg = Release|Any CPU
	EndGlobalSection
	GlobalSection(SolutionProperties) = preSolution
		HideSolutionNode = FALSE
	EndGlobalSection
EndGlobal
